
Microsoft Visual Studio Solution File, Format Version 12.00
# Visual Studio 15
VisualStudioVersion = 15.0.26124.0
MinimumVisualStudioVersion = 15.0.26124.0
Project("{FAE04EC0-301F-11D3-BF4B-00C04F79EFBC}") = "PaymentContext.Domain", "PaymentContext.Domain\PaymentContext.Domain.csproj", "{A9A6B62A-2A77-4DF5-8184-3FB5AB8AA18A}"
EndProject
Project("{FAE04EC0-301F-11D3-BF4B-00C04F79EFBC}") = "PaymentContext.Shared", "PaymentContext.Shared\PaymentContext.Shared.csproj", "{9612FA34-AEFA-40C4-87E4-C0C3AFE33473}"
EndProject
Project("{FAE04EC0-301F-11D3-BF4B-00C04F79EFBC}") = "PaymentContext.Tests", "PaymentContext.Tests\PaymentContext.Tests.csproj", "{56B0D606-6DF2-40DF-B1C9-32351F1E83BE}"
EndProject
Global
	GlobalSection(SolutionConfigurationPlatforms) = preSolution
		Debug|Any CPU = Debug|Any CPU
		Debug|x64 = Debug|x64
		Debug|x86 = Debug|x86
		Release|Any CPU = Release|Any CPU
		Release|x64 = Release|x64
		Release|x86 = Release|x86
	EndGlobalSection
	GlobalSection(SolutionProperties) = preSolution
		HideSolutionNode = FALSE
	EndGlobalSection
	GlobalSection(ProjectConfigurationPlatforms) = postSolution
		{A9A6B62A-2A77-4DF5-8184-3FB5AB8AA18A}.Debug|Any CPU.ActiveCfg = Debug|Any CPU
		{A9A6B62A-2A77-4DF5-8184-3FB5AB8AA18A}.Debug|Any CPU.Build.0 = Debug|Any CPU
		{A9A6B62A-2A77-4DF5-8184-3FB5AB8AA18A}.Debug|x64.ActiveCfg = Debug|Any CPU
		{A9A6B62A-2A77-4DF5-8184-3FB5AB8AA18A}.Debug|x64.Build.0 = Debug|Any CPU
		{A9A6B62A-2A77-4DF5-8184-3FB5AB8AA18A}.Debug|x86.ActiveCfg = Debug|Any CPU
		{A9A6B62A-2A77-4DF5-8184-3FB5AB8AA18A}.Debug|x86.Build.0 = Debug|Any CPU
		{A9A6B62A-2A77-4DF5-8184-3FB5AB8AA18A}.Release|Any CPU.ActiveCfg = Release|Any CPU
		{A9A6B62A-2A77-4DF5-8184-3FB5AB8AA18A}.Release|Any CPU.Build.0 = Release|Any CPU
		{A9A6B62A-2A77-4DF5-8184-3FB5AB8AA18A}.Release|x64.ActiveCfg = Release|Any CPU
		{A9A6B62A-2A77-4DF5-8184-3FB5AB8AA18A}.Release|x64.Build.0 = Release|Any CPU
		{A9A6B62A-2A77-4DF5-8184-3FB5AB8AA18A}.Release|x86.ActiveCfg = Release|Any CPU
		{A9A6B62A-2A77-4DF5-8184-3FB5AB8AA18A}.Release|x86.Build.0 = Release|Any CPU
		{9612FA34-AEFA-40C4-87E4-C0C3AFE33473}.Debug|Any CPU.ActiveCfg = Debug|Any CPU
		{9612FA34-AEFA-40C4-87E4-C0C3AFE33473}.Debug|Any CPU.Build.0 = Debug|Any CPU
		{9612FA34-AEFA-40C4-87E4-C0C3AFE33473}.Debug|x64.ActiveCfg = Debug|Any CPU
		{9612FA34-AEFA-40C4-87E4-C0C3AFE33473}.Debug|x64.Build.0 = Debug|Any CPU
		{9612FA34-AEFA-40C4-87E4-C0C3AFE33473}.Debug|x86.ActiveCfg = Debug|Any CPU
		{9612FA34-AEFA-40C4-87E4-C0C3AFE33473}.Debug|x86.Build.0 = Debug|Any CPU
		{9612FA34-AEFA-40C4-87E4-C0C3AFE33473}.Release|Any CPU.ActiveCfg = Release|Any CPU
		{9612FA34-AEFA-40C4-87E4-C0C3AFE33473}.Release|Any CPU.Build.0 = Release|Any CPU
		{9612FA34-AEFA-40C4-87E4-C0C3AFE33473}.Release|x64.ActiveCfg = Release|Any CPU
		{9612FA34-AEFA-40C4-87E4-C0C3AFE33473}.Release|x64.Build.0 = Release|Any CPU
		{9612FA34-AEFA-40C4-87E4-C0C3AFE33473}.Release|x86.ActiveCfg = Release|Any CPU
		{9612FA34-AEFA-40C4-87E4-C0C3AFE33473}.Release|x86.Build.0 = Release|Any CPU
		{56B0D606-6DF2-40DF-B1C9-32351F1E83BE}.Debug|Any CPU.ActiveCfg = Debug|Any CPU
		{56B0D606-6DF2-40DF-B1C9-32351F1E83BE}.Debug|Any CPU.Build.0 = Debug|Any CPU
		{56B0D606-6DF2-40DF-B1C9-32351F1E83BE}.Debug|x64.ActiveCfg = Debug|Any CPU
		{56B0D606-6DF2-40DF-B1C9-32351F1E83BE}.Debug|x64.Build.0 = Debug|Any CPU
		{56B0D606-6DF2-40DF-B1C9-32351F1E83BE}.Debug|x86.ActiveCfg = Debug|Any CPU
		{56B0D606-6DF2-40DF-B1C9-32351F1E83BE}.Debug|x86.Build.0 = Debug|Any CPU
		{56B0D606-6DF2-40DF-B1C9-32351F1E83BE}.Release|Any CPU.ActiveCfg = Release|Any CPU
		{56B0D606-6DF2-40DF-B1C9-32351F1E83BE}.Release|Any CPU.Build.0 = Release|Any CPU
		{56B0D606-6DF2-40DF-B1C9-32351F1E83BE}.Release|x64.ActiveCfg = Release|Any CPU
		{56B0D606-6DF2-40DF-B1C9-32351F1E83BE}.Release|x64.Build.0 = Release|Any CPU
		{56B0D606-6DF2-40DF-B1C9-32351F1E83BE}.Release|x86.ActiveCfg = Release|Any CPU
		{56B0D606-6DF2-40DF-B1C9-32351F1E83BE}.Release|x86.Build.0 = Release|Any CPU
	EndGlobalSection
EndGlobal
